
Microsoft Visual Studio Solution File, Format Version 12.00
# Visual Studio Version 17
VisualStudioVersion = 17.8.34330.188
MinimumVisualStudioVersion = 10.0.40219.1
Project("{9A19103F-16F7-4668-BE54-9A1E7A4F7556}") = "SistemaFacturacion.Entidades", "SistemaFacturacion.Entidades\SistemaFacturacion.Entidades.csproj", "{6919D31F-9F76-4F84-9C26-63F47BC752BF}"
EndProject
Project("{9A19103F-16F7-4668-BE54-9A1E7A4F7556}") = "SistemaFacturacion.Datos", "SistemaFacturacion.Datos\SistemaFacturacion.Datos.csproj", "{7F3098DD-0E89-4D88-9CCE-BFA35555C120}"
EndProject
Project("{9A19103F-16F7-4668-BE54-9A1E7A4F7556}") = "SistemaFacturacion.Web", "SistemaFacturacion.Web\SistemaFacturacion.Web.csproj", "{AA5C84EE-C730-4A94-B4D5-44F7EC7020FC}"
EndProject
Global
	GlobalSection(SolutionConfigurationPlatforms) = preSolution
		Debug|Any CPU = Debug|Any CPU
		Release|Any CPU = Release|Any CPU
	EndGlobalSection
	GlobalSection(ProjectConfigurationPlatforms) = postSolution
		{6919D31F-9F76-4F84-9C26-63F47BC752BF}.Debug|Any CPU.ActiveCfg = Debug|Any CPU
		{6919D31F-9F76-4F84-9C26-63F47BC752BF}.Debug|Any CPU.Build.0 = Debug|Any CPU
		{6919D31F-9F76-4F84-9C26-63F47BC752BF}.Release|Any CPU.ActiveCfg = Release|Any CPU
		{6919D31F-9F76-4F84-9C26-63F47BC752BF}.Release|Any CPU.Build.0 = Release|Any CPU
		{7F3098DD-0E89-4D88-9CCE-BFA35555C120}.Debug|Any CPU.ActiveCfg = Debug|Any CPU
		{7F3098DD-0E89-4D88-9CCE-BFA35555C120}.Debug|Any CPU.Build.0 = Debug|Any CPU
		{7F3098DD-0E89-4D88-9CCE-BFA35555C120}.Release|Any CPU.ActiveCfg = Release|Any CPU
		{7F3098DD-0E89-4D88-9CCE-BFA35555C120}.Release|Any CPU.Build.0 = Release|Any CPU
		{AA5C84EE-C730-4A94-B4D5-44F7EC7020FC}.Debug|Any CPU.ActiveCfg = Debug|Any CPU
		{AA5C84EE-C730-4A94-B4D5-44F7EC7020FC}.Debug|Any CPU.Build.0 = Debug|Any CPU
		{AA5C84EE-C730-4A94-B4D5-44F7EC7020FC}.Release|Any CPU.ActiveCfg = Release|Any CPU
		{AA5C84EE-C730-4A94-B4D5-44F7EC7020FC}.Release|Any CPU.Build.0 = Release|Any CPU
	EndGlobalSection
	GlobalSection(SolutionProperties) = preSolution
		HideSolutionNode = FALSE
	EndGlobalSection
	GlobalSection(ExtensibilityGlobals) = postSolution
		SolutionGuid = {F82F0F02-976C-4BA9-A676-942E84CD9D09}
	EndGlobalSection
EndGlobal
